
Microsoft Visual Studio Solution File, Format Version 12.00
# Visual Studio 15
VisualStudioVersion = 15.0.26730.16
MinimumVisualStudioVersion = 10.0.40219.1
Project("{FAE04EC0-301F-11D3-BF4B-00C04F79EFBC}") = "Teste Avaliacao 2", "Teste Avaliacao 2\Teste Avaliacao 2.csproj", "{5A637886-C7FF-4491-A9C1-7C265BE09232}"
EndProject
Global
	GlobalSection(SolutionConfigurationPlatforms) = preSolution
		Debug|Any CPU = Debug|Any CPU
		Release|Any CPU = Release|Any CPU
	EndGlobalSection
	GlobalSection(ProjectConfigurationPlatforms) = postSolution
		{5A637886-C7FF-4491-A9C1-7C265BE09232}.Debug|Any CPU.ActiveCfg = Debug|Any CPU
		{5A637886-C7FF-4491-A9C1-7C265BE09232}.Debug|Any CPU.Build.0 = Debug|Any CPU
		{5A637886-C7FF-4491-A9C1-7C265BE09232}.Release|Any CPU.ActiveCfg = Release|Any CPU
		{5A637886-C7FF-4491-A9C1-7C265BE09232}.Release|Any CPU.Build.0 = Release|Any CPU
	EndGlobalSection
	GlobalSection(SolutionProperties) = preSolution
		HideSolutionNode = FALSE
	EndGlobalSection
	GlobalSection(ExtensibilityGlobals) = postSolution
		SolutionGuid = {22E3BD7C-952F-4187-B247-2F32A81F2883}
	EndGlobalSection
EndGlobal
