
Microsoft Visual Studio Solution File, Format Version 12.00
# Visual Studio 15
VisualStudioVersion = 15.0.26730.16
MinimumVisualStudioVersion = 10.0.40219.1
Project("{FAE04EC0-301F-11D3-BF4B-00C04F79EFBC}") = "Exercicio 4", "Exercicio 4\Exercicio 4.csproj", "{7A039161-7D17-480D-A5BA-E8935EADB95E}"
EndProject
Global
	GlobalSection(SolutionConfigurationPlatforms) = preSolution
		Debug|Any CPU = Debug|Any CPU
		Release|Any CPU = Release|Any CPU
	EndGlobalSection
	GlobalSection(ProjectConfigurationPlatforms) = postSolution
		{7A039161-7D17-480D-A5BA-E8935EADB95E}.Debug|Any CPU.ActiveCfg = Debug|Any CPU
		{7A039161-7D17-480D-A5BA-E8935EADB95E}.Debug|Any CPU.Build.0 = Debug|Any CPU
		{7A039161-7D17-480D-A5BA-E8935EADB95E}.Release|Any CPU.ActiveCfg = Release|Any CPU
		{7A039161-7D17-480D-A5BA-E8935EADB95E}.Release|Any CPU.Build.0 = Release|Any CPU
	EndGlobalSection
	GlobalSection(SolutionProperties) = preSolution
		HideSolutionNode = FALSE
	EndGlobalSection
	GlobalSection(ExtensibilityGlobals) = postSolution
		SolutionGuid = {F9A0880D-B26C-4E19-86FE-C6CC1B73C175}
	EndGlobalSection
EndGlobal
