
Microsoft Visual Studio Solution File, Format Version 12.00
# Visual Studio 15
VisualStudioVersion = 15.0.26730.16
MinimumVisualStudioVersion = 10.0.40219.1
Project("{FAE04EC0-301F-11D3-BF4B-00C04F79EFBC}") = "Ficha de trabalho 3", "Ficha de trabalho 3\Ficha de trabalho 3.csproj", "{F8E90579-472B-4D02-9ACB-D72F06034D17}"
EndProject
Project("{2150E333-8FDC-42A3-9474-1A3956D46DE8}") = "Solution Items", "Solution Items", "{D658DE07-B614-4AEE-A1A5-6FBBD11CE4B5}"
	ProjectSection(SolutionItems) = preProject
		README.md = README.md
	EndProjectSection
EndProject
Global
	GlobalSection(SolutionConfigurationPlatforms) = preSolution
		Debug|Any CPU = Debug|Any CPU
		Release|Any CPU = Release|Any CPU
	EndGlobalSection
	GlobalSection(ProjectConfigurationPlatforms) = postSolution
		{F8E90579-472B-4D02-9ACB-D72F06034D17}.Debug|Any CPU.ActiveCfg = Debug|Any CPU
		{F8E90579-472B-4D02-9ACB-D72F06034D17}.Debug|Any CPU.Build.0 = Debug|Any CPU
		{F8E90579-472B-4D02-9ACB-D72F06034D17}.Release|Any CPU.ActiveCfg = Release|Any CPU
		{F8E90579-472B-4D02-9ACB-D72F06034D17}.Release|Any CPU.Build.0 = Release|Any CPU
	EndGlobalSection
	GlobalSection(SolutionProperties) = preSolution
		HideSolutionNode = FALSE
	EndGlobalSection
	GlobalSection(ExtensibilityGlobals) = postSolution
		SolutionGuid = {08AEAF11-A474-4B7F-B9A2-023D7C28245D}
	EndGlobalSection
EndGlobal
