
Microsoft Visual Studio Solution File, Format Version 12.00
# Visual Studio 15
VisualStudioVersion = 15.0.26014.0
MinimumVisualStudioVersion = 10.0.40219.1
Project("{FAE04EC0-301F-11D3-BF4B-00C04F79EFBC}") = "Teste", "Teste\Teste.csproj", "{A81274C7-8D98-4B52-BE88-923DBA3C5DA7}"
EndProject
Global
	GlobalSection(SolutionConfigurationPlatforms) = preSolution
		Debug|Any CPU = Debug|Any CPU
		Release|Any CPU = Release|Any CPU
	EndGlobalSection
	GlobalSection(ProjectConfigurationPlatforms) = postSolution
		{A81274C7-8D98-4B52-BE88-923DBA3C5DA7}.Debug|Any CPU.ActiveCfg = Debug|Any CPU
		{A81274C7-8D98-4B52-BE88-923DBA3C5DA7}.Debug|Any CPU.Build.0 = Debug|Any CPU
		{A81274C7-8D98-4B52-BE88-923DBA3C5DA7}.Release|Any CPU.ActiveCfg = Release|Any CPU
		{A81274C7-8D98-4B52-BE88-923DBA3C5DA7}.Release|Any CPU.Build.0 = Release|Any CPU
	EndGlobalSection
	GlobalSection(SolutionProperties) = preSolution
		HideSolutionNode = FALSE
	EndGlobalSection
EndGlobal
