
Microsoft Visual Studio Solution File, Format Version 12.00
# Visual Studio 15
VisualStudioVersion = 15.0.26730.16
MinimumVisualStudioVersion = 10.0.40219.1
Project("{FAE04EC0-301F-11D3-BF4B-00C04F79EFBC}") = "Grupo 1", "Teste 1\Grupo 1.csproj", "{262BEC12-7798-43F7-BF93-C562269B70B4}"
EndProject
Global
	GlobalSection(SolutionConfigurationPlatforms) = preSolution
		Debug|Any CPU = Debug|Any CPU
		Release|Any CPU = Release|Any CPU
	EndGlobalSection
	GlobalSection(ProjectConfigurationPlatforms) = postSolution
		{262BEC12-7798-43F7-BF93-C562269B70B4}.Debug|Any CPU.ActiveCfg = Debug|Any CPU
		{262BEC12-7798-43F7-BF93-C562269B70B4}.Debug|Any CPU.Build.0 = Debug|Any CPU
		{262BEC12-7798-43F7-BF93-C562269B70B4}.Release|Any CPU.ActiveCfg = Release|Any CPU
		{262BEC12-7798-43F7-BF93-C562269B70B4}.Release|Any CPU.Build.0 = Release|Any CPU
	EndGlobalSection
	GlobalSection(SolutionProperties) = preSolution
		HideSolutionNode = FALSE
	EndGlobalSection
	GlobalSection(ExtensibilityGlobals) = postSolution
		SolutionGuid = {10A06A23-C1A5-4090-9392-5E405273F0F1}
	EndGlobalSection
EndGlobal
