
Microsoft Visual Studio Solution File, Format Version 12.00
# Visual Studio 15
VisualStudioVersion = 15.0.26730.16
MinimumVisualStudioVersion = 10.0.40219.1
Project("{FAE04EC0-301F-11D3-BF4B-00C04F79EFBC}") = "Ficha 1", "Ficha 1\Ficha 1.csproj", "{93B6C9D0-0A35-4011-BD30-2D2AC6A42984}"
EndProject
Global
	GlobalSection(SolutionConfigurationPlatforms) = preSolution
		Debug|Any CPU = Debug|Any CPU
		Release|Any CPU = Release|Any CPU
	EndGlobalSection
	GlobalSection(ProjectConfigurationPlatforms) = postSolution
		{93B6C9D0-0A35-4011-BD30-2D2AC6A42984}.Debug|Any CPU.ActiveCfg = Debug|Any CPU
		{93B6C9D0-0A35-4011-BD30-2D2AC6A42984}.Debug|Any CPU.Build.0 = Debug|Any CPU
		{93B6C9D0-0A35-4011-BD30-2D2AC6A42984}.Release|Any CPU.ActiveCfg = Release|Any CPU
		{93B6C9D0-0A35-4011-BD30-2D2AC6A42984}.Release|Any CPU.Build.0 = Release|Any CPU
	EndGlobalSection
	GlobalSection(SolutionProperties) = preSolution
		HideSolutionNode = FALSE
	EndGlobalSection
	GlobalSection(ExtensibilityGlobals) = postSolution
		SolutionGuid = {6F87E041-4EB2-4B43-AEBE-2A605270F7AC}
	EndGlobalSection
EndGlobal
